{
  "name": "create-adonis-react-starter",
  "version": "1.0.0",
  "lockfileVersion": 3,
  "requires": true,
  "packages": {
    "": {
      "name": "create-adonis-react-starter",
      "version": "1.0.0",
      "license": "MIT",
      "bin": {
        "create-adonis-react-starter": "bin/index.js"
      }
    }
  }
}
